
Microsoft Visual Studio Solution File, Format Version 12.00
# Visual Studio 14
VisualStudioVersion = 14.0.25420.1
MinimumVisualStudioVersion = 10.0.40219.1
Project("{FAE04EC0-301F-11D3-BF4B-00C04F79EFBC}") = "DesignPattern", "DesignPattern\DesignPattern.csproj", "{242AB836-A2FB-4094-85A8-D1EF5A73FC71}"
EndProject
Project("{FAE04EC0-301F-11D3-BF4B-00C04F79EFBC}") = "Singleton", "Singleton\Singleton.csproj", "{259B682E-7482-4841-8F63-973BE99E3937}"
EndProject
Project("{FAE04EC0-301F-11D3-BF4B-00C04F79EFBC}") = "FactoryMethod", "FactoryMethod\FactoryMethod.csproj", "{E924F68B-50D1-4767-B19F-97C95CB26DE7}"
EndProject
Project("{FAE04EC0-301F-11D3-BF4B-00C04F79EFBC}") = "PrototypePattern", "PrototypePattern\PrototypePattern.csproj", "{AA8521FC-4DEB-4917-8A73-7ACAE5346BC1}"
EndProject
Global
	GlobalSection(SolutionConfigurationPlatforms) = preSolution
		Debug|Any CPU = Debug|Any CPU
		Release|Any CPU = Release|Any CPU
	EndGlobalSection
	GlobalSection(ProjectConfigurationPlatforms) = postSolution
		{242AB836-A2FB-4094-85A8-D1EF5A73FC71}.Debug|Any CPU.ActiveCfg = Debug|Any CPU
		{242AB836-A2FB-4094-85A8-D1EF5A73FC71}.Debug|Any CPU.Build.0 = Debug|Any CPU
		{242AB836-A2FB-4094-85A8-D1EF5A73FC71}.Release|Any CPU.ActiveCfg = Release|Any CPU
		{242AB836-A2FB-4094-85A8-D1EF5A73FC71}.Release|Any CPU.Build.0 = Release|Any CPU
		{259B682E-7482-4841-8F63-973BE99E3937}.Debug|Any CPU.ActiveCfg = Debug|Any CPU
		{259B682E-7482-4841-8F63-973BE99E3937}.Debug|Any CPU.Build.0 = Debug|Any CPU
		{259B682E-7482-4841-8F63-973BE99E3937}.Release|Any CPU.ActiveCfg = Release|Any CPU
		{259B682E-7482-4841-8F63-973BE99E3937}.Release|Any CPU.Build.0 = Release|Any CPU
		{E924F68B-50D1-4767-B19F-97C95CB26DE7}.Debug|Any CPU.ActiveCfg = Debug|Any CPU
		{E924F68B-50D1-4767-B19F-97C95CB26DE7}.Debug|Any CPU.Build.0 = Debug|Any CPU
		{E924F68B-50D1-4767-B19F-97C95CB26DE7}.Release|Any CPU.ActiveCfg = Release|Any CPU
		{E924F68B-50D1-4767-B19F-97C95CB26DE7}.Release|Any CPU.Build.0 = Release|Any CPU
		{AA8521FC-4DEB-4917-8A73-7ACAE5346BC1}.Debug|Any CPU.ActiveCfg = Debug|Any CPU
		{AA8521FC-4DEB-4917-8A73-7ACAE5346BC1}.Debug|Any CPU.Build.0 = Debug|Any CPU
		{AA8521FC-4DEB-4917-8A73-7ACAE5346BC1}.Release|Any CPU.ActiveCfg = Release|Any CPU
		{AA8521FC-4DEB-4917-8A73-7ACAE5346BC1}.Release|Any CPU.Build.0 = Release|Any CPU
	EndGlobalSection
	GlobalSection(SolutionProperties) = preSolution
		HideSolutionNode = FALSE
	EndGlobalSection
EndGlobal
