
Microsoft Visual Studio Solution File, Format Version 12.00
# Visual Studio 14
VisualStudioVersion = 14.0.25420.1
MinimumVisualStudioVersion = 10.0.40219.1
Project("{FAE04EC0-301F-11D3-BF4B-00C04F79EFBC}") = "DesignPattern", "DesignPattern\DesignPattern.csproj", "{242AB836-A2FB-4094-85A8-D1EF5A73FC71}"
EndProject
Project("{FAE04EC0-301F-11D3-BF4B-00C04F79EFBC}") = "Singleton", "Singleton\Singleton.csproj", "{259B682E-7482-4841-8F63-973BE99E3937}"
EndProject
Project("{FAE04EC0-301F-11D3-BF4B-00C04F79EFBC}") = "FactoryMethod", "FactoryMethod\FactoryMethod.csproj", "{E924F68B-50D1-4767-B19F-97C95CB26DE7}"
EndProject
Project("{FAE04EC0-301F-11D3-BF4B-00C04F79EFBC}") = "PrototypePattern", "PrototypePattern\PrototypePattern.csproj", "{AA8521FC-4DEB-4917-8A73-7ACAE5346BC1}"
EndProject
Project("{FAE04EC0-301F-11D3-BF4B-00C04F79EFBC}") = "BuilderPattern", "BuilderPattern\BuilderPattern.csproj", "{45D7121E-2EDD-46A3-9A65-A675108E4FBE}"
EndProject
Project("{FAE04EC0-301F-11D3-BF4B-00C04F79EFBC}") = "AbstractFactoryPattern", "AbstractFactoryPattern\AbstractFactoryPattern.csproj", "{211A35A0-0EB6-4E41-BE0F-CF2A1DC6B898}"
EndProject
Project("{FAE04EC0-301F-11D3-BF4B-00C04F79EFBC}") = "AdapterPattern", "AdapterPattern\AdapterPattern.csproj", "{1F41688A-4D42-4F94-94BA-3B1F87228780}"
EndProject
Project("{FAE04EC0-301F-11D3-BF4B-00C04F79EFBC}") = "BridgePattern", "BridgePattern\BridgePattern.csproj", "{1B6AE827-1B7B-40AB-BBFC-589DD6E6647B}"
EndProject
Project("{FAE04EC0-301F-11D3-BF4B-00C04F79EFBC}") = "DecoratorPattern", "DecoratorPattern\DecoratorPattern.csproj", "{0AB5EDB9-FC6E-4DF4-A706-E506D25D6CBA}"
EndProject
Project("{FAE04EC0-301F-11D3-BF4B-00C04F79EFBC}") = "CompositePattern", "GraphicsPattern\CompositePattern.csproj", "{7FE0E9AA-4081-4DBA-A9D9-CC950CBE686D}"
EndProject
Project("{FAE04EC0-301F-11D3-BF4B-00C04F79EFBC}") = "FacadePattern", "FacadePattern\FacadePattern.csproj", "{57CA43E0-D416-4F08-AA1D-65091EB3ABCF}"
EndProject
Project("{FAE04EC0-301F-11D3-BF4B-00C04F79EFBC}") = "FlyweightPattern", "FlyweightPattern\FlyweightPattern.csproj", "{14A90568-8D45-47D8-86DE-92EA38E3FF16}"
EndProject
Project("{FAE04EC0-301F-11D3-BF4B-00C04F79EFBC}") = "ProxyPattern", "ProxyPattern\ProxyPattern.csproj", "{70BC1AE1-2A02-474F-9C52-7E43EBC2E3C3}"
EndProject
Project("{FAE04EC0-301F-11D3-BF4B-00C04F79EFBC}") = "TemplateMethodPattern", "TemplateMethodPattern\TemplateMethodPattern.csproj", "{B2A3ADEF-163E-48E1-A8AC-A867EFAA5D7C}"
EndProject
Project("{FAE04EC0-301F-11D3-BF4B-00C04F79EFBC}") = "CommandPattern", "CommandPattern\CommandPattern.csproj", "{A8EB6E79-92EB-4CCB-A5A1-DACA92CC443F}"
EndProject
Global
	GlobalSection(SolutionConfigurationPlatforms) = preSolution
		Debug|Any CPU = Debug|Any CPU
		Release|Any CPU = Release|Any CPU
	EndGlobalSection
	GlobalSection(ProjectConfigurationPlatforms) = postSolution
		{242AB836-A2FB-4094-85A8-D1EF5A73FC71}.Debug|Any CPU.ActiveCfg = Debug|Any CPU
		{242AB836-A2FB-4094-85A8-D1EF5A73FC71}.Debug|Any CPU.Build.0 = Debug|Any CPU
		{242AB836-A2FB-4094-85A8-D1EF5A73FC71}.Release|Any CPU.ActiveCfg = Release|Any CPU
		{242AB836-A2FB-4094-85A8-D1EF5A73FC71}.Release|Any CPU.Build.0 = Release|Any CPU
		{259B682E-7482-4841-8F63-973BE99E3937}.Debug|Any CPU.ActiveCfg = Debug|Any CPU
		{259B682E-7482-4841-8F63-973BE99E3937}.Debug|Any CPU.Build.0 = Debug|Any CPU
		{259B682E-7482-4841-8F63-973BE99E3937}.Release|Any CPU.ActiveCfg = Release|Any CPU
		{259B682E-7482-4841-8F63-973BE99E3937}.Release|Any CPU.Build.0 = Release|Any CPU
		{E924F68B-50D1-4767-B19F-97C95CB26DE7}.Debug|Any CPU.ActiveCfg = Debug|Any CPU
		{E924F68B-50D1-4767-B19F-97C95CB26DE7}.Debug|Any CPU.Build.0 = Debug|Any CPU
		{E924F68B-50D1-4767-B19F-97C95CB26DE7}.Release|Any CPU.ActiveCfg = Release|Any CPU
		{E924F68B-50D1-4767-B19F-97C95CB26DE7}.Release|Any CPU.Build.0 = Release|Any CPU
		{AA8521FC-4DEB-4917-8A73-7ACAE5346BC1}.Debug|Any CPU.ActiveCfg = Debug|Any CPU
		{AA8521FC-4DEB-4917-8A73-7ACAE5346BC1}.Debug|Any CPU.Build.0 = Debug|Any CPU
		{AA8521FC-4DEB-4917-8A73-7ACAE5346BC1}.Release|Any CPU.ActiveCfg = Release|Any CPU
		{AA8521FC-4DEB-4917-8A73-7ACAE5346BC1}.Release|Any CPU.Build.0 = Release|Any CPU
		{45D7121E-2EDD-46A3-9A65-A675108E4FBE}.Debug|Any CPU.ActiveCfg = Debug|Any CPU
		{45D7121E-2EDD-46A3-9A65-A675108E4FBE}.Debug|Any CPU.Build.0 = Debug|Any CPU
		{45D7121E-2EDD-46A3-9A65-A675108E4FBE}.Release|Any CPU.ActiveCfg = Release|Any CPU
		{45D7121E-2EDD-46A3-9A65-A675108E4FBE}.Release|Any CPU.Build.0 = Release|Any CPU
		{211A35A0-0EB6-4E41-BE0F-CF2A1DC6B898}.Debug|Any CPU.ActiveCfg = Debug|Any CPU
		{211A35A0-0EB6-4E41-BE0F-CF2A1DC6B898}.Debug|Any CPU.Build.0 = Debug|Any CPU
		{211A35A0-0EB6-4E41-BE0F-CF2A1DC6B898}.Release|Any CPU.ActiveCfg = Release|Any CPU
		{211A35A0-0EB6-4E41-BE0F-CF2A1DC6B898}.Release|Any CPU.Build.0 = Release|Any CPU
		{1F41688A-4D42-4F94-94BA-3B1F87228780}.Debug|Any CPU.ActiveCfg = Debug|Any CPU
		{1F41688A-4D42-4F94-94BA-3B1F87228780}.Debug|Any CPU.Build.0 = Debug|Any CPU
		{1F41688A-4D42-4F94-94BA-3B1F87228780}.Release|Any CPU.ActiveCfg = Release|Any CPU
		{1F41688A-4D42-4F94-94BA-3B1F87228780}.Release|Any CPU.Build.0 = Release|Any CPU
		{1B6AE827-1B7B-40AB-BBFC-589DD6E6647B}.Debug|Any CPU.ActiveCfg = Debug|Any CPU
		{1B6AE827-1B7B-40AB-BBFC-589DD6E6647B}.Debug|Any CPU.Build.0 = Debug|Any CPU
		{1B6AE827-1B7B-40AB-BBFC-589DD6E6647B}.Release|Any CPU.ActiveCfg = Release|Any CPU
		{1B6AE827-1B7B-40AB-BBFC-589DD6E6647B}.Release|Any CPU.Build.0 = Release|Any CPU
		{0AB5EDB9-FC6E-4DF4-A706-E506D25D6CBA}.Debug|Any CPU.ActiveCfg = Debug|Any CPU
		{0AB5EDB9-FC6E-4DF4-A706-E506D25D6CBA}.Debug|Any CPU.Build.0 = Debug|Any CPU
		{0AB5EDB9-FC6E-4DF4-A706-E506D25D6CBA}.Release|Any CPU.ActiveCfg = Release|Any CPU
		{0AB5EDB9-FC6E-4DF4-A706-E506D25D6CBA}.Release|Any CPU.Build.0 = Release|Any CPU
		{7FE0E9AA-4081-4DBA-A9D9-CC950CBE686D}.Debug|Any CPU.ActiveCfg = Debug|Any CPU
		{7FE0E9AA-4081-4DBA-A9D9-CC950CBE686D}.Debug|Any CPU.Build.0 = Debug|Any CPU
		{7FE0E9AA-4081-4DBA-A9D9-CC950CBE686D}.Release|Any CPU.ActiveCfg = Release|Any CPU
		{7FE0E9AA-4081-4DBA-A9D9-CC950CBE686D}.Release|Any CPU.Build.0 = Release|Any CPU
		{57CA43E0-D416-4F08-AA1D-65091EB3ABCF}.Debug|Any CPU.ActiveCfg = Debug|Any CPU
		{57CA43E0-D416-4F08-AA1D-65091EB3ABCF}.Debug|Any CPU.Build.0 = Debug|Any CPU
		{57CA43E0-D416-4F08-AA1D-65091EB3ABCF}.Release|Any CPU.ActiveCfg = Release|Any CPU
		{57CA43E0-D416-4F08-AA1D-65091EB3ABCF}.Release|Any CPU.Build.0 = Release|Any CPU
		{14A90568-8D45-47D8-86DE-92EA38E3FF16}.Debug|Any CPU.ActiveCfg = Debug|Any CPU
		{14A90568-8D45-47D8-86DE-92EA38E3FF16}.Debug|Any CPU.Build.0 = Debug|Any CPU
		{14A90568-8D45-47D8-86DE-92EA38E3FF16}.Release|Any CPU.ActiveCfg = Release|Any CPU
		{14A90568-8D45-47D8-86DE-92EA38E3FF16}.Release|Any CPU.Build.0 = Release|Any CPU
		{70BC1AE1-2A02-474F-9C52-7E43EBC2E3C3}.Debug|Any CPU.ActiveCfg = Debug|Any CPU
		{70BC1AE1-2A02-474F-9C52-7E43EBC2E3C3}.Debug|Any CPU.Build.0 = Debug|Any CPU
		{70BC1AE1-2A02-474F-9C52-7E43EBC2E3C3}.Release|Any CPU.ActiveCfg = Release|Any CPU
		{70BC1AE1-2A02-474F-9C52-7E43EBC2E3C3}.Release|Any CPU.Build.0 = Release|Any CPU
		{B2A3ADEF-163E-48E1-A8AC-A867EFAA5D7C}.Debug|Any CPU.ActiveCfg = Debug|Any CPU
		{B2A3ADEF-163E-48E1-A8AC-A867EFAA5D7C}.Debug|Any CPU.Build.0 = Debug|Any CPU
		{B2A3ADEF-163E-48E1-A8AC-A867EFAA5D7C}.Release|Any CPU.ActiveCfg = Release|Any CPU
		{B2A3ADEF-163E-48E1-A8AC-A867EFAA5D7C}.Release|Any CPU.Build.0 = Release|Any CPU
		{A8EB6E79-92EB-4CCB-A5A1-DACA92CC443F}.Debug|Any CPU.ActiveCfg = Debug|Any CPU
		{A8EB6E79-92EB-4CCB-A5A1-DACA92CC443F}.Debug|Any CPU.Build.0 = Debug|Any CPU
		{A8EB6E79-92EB-4CCB-A5A1-DACA92CC443F}.Release|Any CPU.ActiveCfg = Release|Any CPU
		{A8EB6E79-92EB-4CCB-A5A1-DACA92CC443F}.Release|Any CPU.Build.0 = Release|Any CPU
	EndGlobalSection
	GlobalSection(SolutionProperties) = preSolution
		HideSolutionNode = FALSE
	EndGlobalSection
EndGlobal
